// !$*UTF8*$!
{
	archiveVersion = 1;
	classes = {
	};
	objectVersion = 56;
	objects = {

/* Begin PBXBuildFile section */
		F96CB3552AEC5B0B00BF71A1 /* ButtonAnimationApp.swift in Sources */ = {isa = PBXBuildFile; fileRef = F96CB3542AEC5B0B00BF71A1 /* ButtonAnimationApp.swift */; };
		F96CB3572AEC5B0B00BF71A1 /* ContentView.swift in Sources */ = {isa = PBXBuildFile; fileRef = F96CB3562AEC5B0B00BF71A1 /* ContentView.swift */; };
		F96CB3592AEC5B0D00BF71A1 /* Assets.xcassets in Resources */ = {isa = PBXBuildFile; fileRef = F96CB3582AEC5B0D00BF71A1 /* Assets.xcassets */; };
		F96CB35C2AEC5B0D00BF71A1 /* Preview Assets.xcassets in Resources */ = {isa = PBXBuildFile; fileRef = F96CB35B2AEC5B0D00BF71A1 /* Preview Assets.xcassets */; };
		F96CB3662AEC5B0E00BF71A1 /* ButtonAnimationTests.swift in Sources */ = {isa = PBXBuildFile; fileRef = F96CB3652AEC5B0E00BF71A1 /* ButtonAnimationTests.swift */; };
		F96CB3702AEC5B0E00BF71A1 /* ButtonAnimationUITests.swift in Sources */ = {isa = PBXBuildFile; fileRef = F96CB36F2AEC5B0E00BF71A1 /* ButtonAnimationUITests.swift */; };
		F96CB3722AEC5B0E00BF71A1 /* ButtonAnimationUITestsLaunchTests.swift in Sources */ = {isa = PBXBuildFile; fileRef = F96CB3712AEC5B0E00BF71A1 /* ButtonAnimationUITestsLaunchTests.swift */; };
/* End PBXBuildFile section */

/* Begin PBXContainerItemProxy section */
		F96CB3622AEC5B0E00BF71A1 /* PBXContainerItemProxy */ = {
			isa = PBXContainerItemProxy;
			containerPortal = F96CB3492AEC5B0B00BF71A1 /* Project object */;
			proxyType = 1;
			remoteGlobalIDString = F96CB3502AEC5B0B00BF71A1;
			remoteInfo = ButtonAnimation;
		};
		F96CB36C2AEC5B0E00BF71A1 /* PBXContainerItemProxy */ = {
			isa = PBXContainerItemProxy;
			containerPortal = F96CB3492AEC5B0B00BF71A1 /* Project object */;
			proxyType = 1;
			remoteGlobalIDString = F96CB3502AEC5B0B00BF71A1;
			remoteInfo = ButtonAnimation;
		};
/* End PBXContainerItemProxy section */

/* Begin PBXFileReference section */
		F96CB3512AEC5B0B00BF71A1 /* ButtonAnimation.app */ = {isa = PBXFileReference; explicitFileType = wrapper.application; includeInIndex = 0; path = ButtonAnimation.app; sourceTree = BUILT_PRODUCTS_DIR; };
		F96CB3542AEC5B0B00BF71A1 /* ButtonAnimationApp.swift */ = {isa = PBXFileReference; lastKnownFileType = sourcecode.swift; path = ButtonAnimationApp.swift; sourceTree = "<group>"; };
		F96CB3562AEC5B0B00BF71A1 /* ContentView.swift */ = {isa = PBXFileReference; lastKnownFileType = sourcecode.swift; path = ContentView.swift; sourceTree = "<group>"; };
		F96CB3582AEC5B0D00BF71A1 /* Assets.xcassets */ = {isa = PBXFileReference; lastKnownFileType = folder.assetcatalog; path = Assets.xcassets; sourceTree = "<group>"; };
		F96CB35B2AEC5B0D00BF71A1 /* Preview Assets.xcassets */ = {isa = PBXFileReference; lastKnownFileType = folder.assetcatalog; path = "Preview Assets.xcassets"; sourceTree = "<group>"; };
		F96CB3612AEC5B0E00BF71A1 /* ButtonAnimationTests.xctest */ = {isa = PBXFileReference; explicitFileType = wrapper.cfbundle; includeInIndex = 0; path = ButtonAnimationTests.xctest; sourceTree = BUILT_PRODUCTS_DIR; };
		F96CB3652AEC5B0E00BF71A1 /* ButtonAnimationTests.swift */ = {isa = PBXFileReference; lastKnownFileType = sourcecode.swift; path = ButtonAnimationTests.swift; sourceTree = "<group>"; };
		F96CB36B2AEC5B0E00BF71A1 /* ButtonAnimationUITests.xctest */ = {isa = PBXFileReference; explicitFileType = wrapper.cfbundle; includeInIndex = 0; path = ButtonAnimationUITests.xctest; sourceTree = BUILT_PRODUCTS_DIR; };
		F96CB36F2AEC5B0E00BF71A1 /* ButtonAnimationUITests.swift */ = {isa = PBXFileReference; lastKnownFileType = sourcecode.swift; path = ButtonAnimationUITests.swift; sourceTree = "<group>"; };
		F96CB3712AEC5B0E00BF71A1 /* ButtonAnimationUITestsLaunchTests.swift */ = {isa = PBXFileReference; lastKnownFileType = sourcecode.swift; path = ButtonAnimationUITestsLaunchTests.swift; sourceTree = "<group>"; };
/* End PBXFileReference section */

/* Begin PBXFrameworksBuildPhase section */
		F96CB34E2AEC5B0B00BF71A1 /* Frameworks */ = {
			isa = PBXFrameworksBuildPhase;
			buildActionMask = 2147483647;
			files = (
			);
			runOnlyForDeploymentPostprocessing = 0;
		};
		F96CB35E2AEC5B0E00BF71A1 /* Frameworks */ = {
			isa = PBXFrameworksBuildPhase;
			buildActionMask = 2147483647;
			files = (
			);
			runOnlyForDeploymentPostprocessing = 0;
		};
		F96CB3682AEC5B0E00BF71A1 /* Frameworks */ = {
			isa = PBXFrameworksBuildPhase;
			buildActionMask = 2147483647;
			files = (
			);
			runOnlyForDeploymentPostprocessing = 0;
		};
/* End PBXFrameworksBuildPhase section */

/* Begin PBXGroup section */
		F96CB3482AEC5B0B00BF71A1 = {
			isa = PBXGroup;
			children = (
				F96CB3532AEC5B0B00BF71A1 /* ButtonAnimation */,
				F96CB3642AEC5B0E00BF71A1 /* ButtonAnimationTests */,
				F96CB36E2AEC5B0E00BF71A1 /* ButtonAnimationUITests */,
				F96CB3522AEC5B0B00BF71A1 /* Products */,
			);
			sourceTree = "<group>";
		};
		F96CB3522AEC5B0B00BF71A1 /* Products */ = {
			isa = PBXGroup;
			children = (
				F96CB3512AEC5B0B00BF71A1 /* ButtonAnimation.app */,
				F96CB3612AEC5B0E00BF71A1 /* ButtonAnimationTests.xctest */,
				F96CB36B2AEC5B0E00BF71A1 /* ButtonAnimationUITests.xctest */,
			);
			name = Products;
			sourceTree = "<group>";
		};
		F96CB3532AEC5B0B00BF71A1 /* ButtonAnimation */ = {
			isa = PBXGroup;
			children = (
				F96CB3542AEC5B0B00BF71A1 /* ButtonAnimationApp.swift */,
				F96CB3562AEC5B0B00BF71A1 /* ContentView.swift */,
				F96CB3582AEC5B0D00BF71A1 /* Assets.xcassets */,
				F96CB35A2AEC5B0D00BF71A1 /* Preview Content */,
			);
			path = ButtonAnimation;
			sourceTree = "<group>";
		};
		F96CB35A2AEC5B0D00BF71A1 /* Preview Content */ = {
			isa = PBXGroup;
			children = (
				F96CB35B2AEC5B0D00BF71A1 /* Preview Assets.xcassets */,
			);
			path = "Preview Content";
			sourceTree = "<group>";
		};
		F96CB3642AEC5B0E00BF71A1 /* ButtonAnimationTests */ = {
			isa = PBXGroup;
			children = (
				F96CB3652AEC5B0E00BF71A1 /* ButtonAnimationTests.swift */,
			);
			path = ButtonAnimationTests;
			sourceTree = "<group>";
		};
		F96CB36E2AEC5B0E00BF71A1 /* ButtonAnimationUITests */ = {
			isa = PBXGroup;
			children = (
				F96CB36F2AEC5B0E00BF71A1 /* ButtonAnimationUITests.swift */,
				F96CB3712AEC5B0E00BF71A1 /* ButtonAnimationUITestsLaunchTests.swift */,
			);
			path = ButtonAnimationUITests;
			sourceTree = "<group>";
		};
/* End PBXGroup section */

/* Begin PBXNativeTarget section */
		F96CB3502AEC5B0B00BF71A1 /* ButtonAnimation */ = {
			isa = PBXNativeTarget;
			buildConfigurationList = F96CB3752AEC5B0E00BF71A1 /* Build configuration list for PBXNativeTarget "ButtonAnimation" */;
			buildPhases = (
				F96CB34D2AEC5B0B00BF71A1 /* Sources */,
				F96CB34E2AEC5B0B00BF71A1 /* Frameworks */,
				F96CB34F2AEC5B0B00BF71A1 /* Resources */,
			);
			buildRules = (
			);
			dependencies = (
			);
			name = ButtonAnimation;
			productName = ButtonAnimation;
			productReference = F96CB3512AEC5B0B00BF71A1 /* ButtonAnimation.app */;
			productType = "com.apple.product-type.application";
		};
		F96CB3602AEC5B0E00BF71A1 /* ButtonAnimationTests */ = {
			isa = PBXNativeTarget;
			buildConfigurationList = F96CB3782AEC5B0E00BF71A1 /* Build configuration list for PBXNativeTarget "ButtonAnimationTests" */;
			buildPhases = (
				F96CB35D2AEC5B0E00BF71A1 /* Sources */,
				F96CB35E2AEC5B0E00BF71A1 /* Frameworks */,
				F96CB35F2AEC5B0E00BF71A1 /* Resources */,
			);
			buildRules = (
			);
			dependencies = (
				F96CB3632AEC5B0E00BF71A1 /* PBXTargetDependency */,
			);
			name = ButtonAnimationTests;
			productName = ButtonAnimationTests;
			productReference = F96CB3612AEC5B0E00BF71A1 /* ButtonAnimationTests.xctest */;
			productType = "com.apple.product-type.bundle.unit-test";
		};
		F96CB36A2AEC5B0E00BF71A1 /* ButtonAnimationUITests */ = {
			isa = PBXNativeTarget;
			buildConfigurationList = F96CB37B2AEC5B0E00BF71A1 /* Build configuration list for PBXNativeTarget "ButtonAnimationUITests" */;
			buildPhases = (
				F96CB3672AEC5B0E00BF71A1 /* Sources */,
				F96CB3682AEC5B0E00BF71A1 /* Frameworks */,
				F96CB3692AEC5B0E00BF71A1 /* Resources */,
			);
			buildRules = (
			);
			dependencies = (
				F96CB36D2AEC5B0E00BF71A1 /* PBXTargetDependency */,
			);
			name = ButtonAnimationUITests;
			productName = ButtonAnimationUITests;
			productReference = F96CB36B2AEC5B0E00BF71A1 /* ButtonAnimationUITests.xctest */;
			productType = "com.apple.product-type.bundle.ui-testing";
		};
/* End PBXNativeTarget section */

/* Begin PBXProject section */
		F96CB3492AEC5B0B00BF71A1 /* Project object */ = {
			isa = PBXProject;
			attributes = {
				BuildIndependentTargetsInParallel = 1;
				LastSwiftUpdateCheck = 1500;
				LastUpgradeCheck = 1500;
				TargetAttributes = {
					F96CB3502AEC5B0B00BF71A1 = {
						CreatedOnToolsVersion = 15.0;
					};
					F96CB3602AEC5B0E00BF71A1 = {
						CreatedOnToolsVersion = 15.0;
						TestTargetID = F96CB3502AEC5B0B00BF71A1;
					};
					F96CB36A2AEC5B0E00BF71A1 = {
						CreatedOnToolsVersion = 15.0;
						TestTargetID = F96CB3502AEC5B0B00BF71A1;
					};
				};
			};
			buildConfigurationList = F96CB34C2AEC5B0B00BF71A1 /* Build configuration list for PBXProject "ButtonAnimation" */;
			compatibilityVersion = "Xcode 14.0";
			developmentRegion = en;
			hasScannedForEncodings = 0;
			knownRegions = (
				en,
				Base,
			);
			mainGroup = F96CB3482AEC5B0B00BF71A1;
			productRefGroup = F96CB3522AEC5B0B00BF71A1 /* Products */;
			projectDirPath = "";
			projectRoot = "";
			targets = (
				F96CB3502AEC5B0B00BF71A1 /* ButtonAnimation */,
				F96CB3602AEC5B0E00BF71A1 /* ButtonAnimationTests */,
				F96CB36A2AEC5B0E00BF71A1 /* ButtonAnimationUITests */,
			);
		};
/* End PBXProject section */

/* Begin PBXResourcesBuildPhase section */
		F96CB34F2AEC5B0B00BF71A1 /* Resources */ = {
			isa = PBXResourcesBuildPhase;
			buildActionMask = 2147483647;
			files = (
				F96CB35C2AEC5B0D00BF71A1 /* Preview Assets.xcassets in Resources */,
				F96CB3592AEC5B0D00BF71A1 /* Assets.xcassets in Resources */,
			);
			runOnlyForDeploymentPostprocessing = 0;
		};
		F96CB35F2AEC5B0E00BF71A1 /* Resources */ = {
			isa = PBXResourcesBuildPhase;
			buildActionMask = 2147483647;
			files = (
			);
			runOnlyForDeploymentPostprocessing = 0;
		};
		F96CB3692AEC5B0E00BF71A1 /* Resources */ = {
			isa = PBXResourcesBuildPhase;
			buildActionMask = 2147483647;
			files = (
			);
			runOnlyForDeploymentPostprocessing = 0;
		};
/* End PBXResourcesBuildPhase section */

/* Begin PBXSourcesBuildPhase section */
		F96CB34D2AEC5B0B00BF71A1 /* Sources */ = {
			isa = PBXSourcesBuildPhase;
			buildActionMask = 2147483647;
			files = (
				F96CB3572AEC5B0B00BF71A1 /* ContentView.swift in Sources */,
				F96CB3552AEC5B0B00BF71A1 /* ButtonAnimationApp.swift in Sources */,
			);
			runOnlyForDeploymentPostprocessing = 0;
		};
		F96CB35D2AEC5B0E00BF71A1 /* Sources */ = {
			isa = PBXSourcesBuildPhase;
			buildActionMask = 2147483647;
			files = (
				F96CB3662AEC5B0E00BF71A1 /* ButtonAnimationTests.swift in Sources */,
			);
			runOnlyForDeploymentPostprocessing = 0;
		};
		F96CB3672AEC5B0E00BF71A1 /* Sources */ = {
			isa = PBXSourcesBuildPhase;
			buildActionMask = 2147483647;
			files = (
				F96CB3702AEC5B0E00BF71A1 /* ButtonAnimationUITests.swift in Sources */,
				F96CB3722AEC5B0E00BF71A1 /* ButtonAnimationUITestsLaunchTests.swift in Sources */,
			);
			runOnlyForDeploymentPostprocessing = 0;
		};
/* End PBXSourcesBuildPhase section */

/* Begin PBXTargetDependency section */
		F96CB3632AEC5B0E00BF71A1 /* PBXTargetDependency */ = {
			isa = PBXTargetDependency;
			target = F96CB3502AEC5B0B00BF71A1 /* ButtonAnimation */;
			targetProxy = F96CB3622AEC5B0E00BF71A1 /* PBXContainerItemProxy */;
		};
		F96CB36D2AEC5B0E00BF71A1 /* PBXTargetDependency */ = {
			isa = PBXTargetDependency;
			target = F96CB3502AEC5B0B00BF71A1 /* ButtonAnimation */;
			targetProxy = F96CB36C2AEC5B0E00BF71A1 /* PBXContainerItemProxy */;
		};
/* End PBXTargetDependency section */

/* Begin XCBuildConfiguration section */
		F96CB3732AEC5B0E00BF71A1 /* Debug */ = {
			isa = XCBuildConfiguration;
			buildSettings = {
				ALWAYS_SEARCH_USER_PATHS = NO;
				ASSETCATALOG_COMPILER_GENERATE_SWIFT_ASSET_SYMBOL_EXTENSIONS = YES;
				CLANG_ANALYZER_NONNULL = YES;
				CLANG_ANALYZER_NUMBER_OBJECT_CONVERSION = YES_AGGRESSIVE;
				CLANG_CXX_LANGUAGE_STANDARD = "gnu++20";
				CLANG_ENABLE_MODULES = YES;
				CLANG_ENABLE_OBJC_ARC = YES;
				CLANG_ENABLE_OBJC_WEAK = YES;
				CLANG_WARN_BLOCK_CAPTURE_AUTORELEASING = YES;
				CLANG_WARN_BOOL_CONVERSION = YES;
				CLANG_WARN_COMMA = YES;
				CLANG_WARN_CONSTANT_CONVERSION = YES;
				CLANG_WARN_DEPRECATED_OBJC_IMPLEMENTATIONS = YES;
				CLANG_WARN_DIRECT_OBJC_ISA_USAGE = YES_ERROR;
				CLANG_WARN_DOCUMENTATION_COMMENTS = YES;
				CLANG_WARN_EMPTY_BODY = YES;
				CLANG_WARN_ENUM_CONVERSION = YES;
				CLANG_WARN_INFINITE_RECURSION = YES;
				CLANG_WARN_INT_CONVERSION = YES;
				CLANG_WARN_NON_LITERAL_NULL_CONVERSION = YES;
				CLANG_WARN_OBJC_IMPLICIT_RETAIN_SELF = YES;
				CLANG_WARN_OBJC_LITERAL_CONVERSION = YES;
				CLANG_WARN_OBJC_ROOT_CLASS = YES_ERROR;
				CLANG_WARN_QUOTED_INCLUDE_IN_FRAMEWORK_HEADER = YES;
				CLANG_WARN_RANGE_LOOP_ANALYSIS = YES;
				CLANG_WARN_STRICT_PROTOTYPES = YES;
				CLANG_WARN_SUSPICIOUS_MOVE = YES;
				CLANG_WARN_UNGUARDED_AVAILABILITY = YES_AGGRESSIVE;
				CLANG_WARN_UNREACHABLE_CODE = YES;
				CLANG_WARN__DUPLICATE_METHOD_MATCH = YES;
				COPY_PHASE_STRIP = NO;
				DEBUG_INFORMATION_FORMAT = dwarf;
				ENABLE_STRICT_OBJC_MSGSEND = YES;
				ENABLE_TESTABILITY = YES;
				ENABLE_USER_SCRIPT_SANDBOXING = YES;
				GCC_C_LANGUAGE_STANDARD = gnu17;
				GCC_DYNAMIC_NO_PIC = NO;
				GCC_NO_COMMON_BLOCKS = YES;
				GCC_OPTIMIZATION_LEVEL = 0;
				GCC_PREPROCESSOR_DEFINITIONS = (
					"DEBUG=1",
					"$(inherited)",
				);
				GCC_WARN_64_TO_32_BIT_CONVERSION = YES;
				GCC_WARN_ABOUT_RETURN_TYPE = YES_ERROR;
				GCC_WARN_UNDECLARED_SELECTOR = YES;
				GCC_WARN_UNINITIALIZED_AUTOS = YES_AGGRESSIVE;
				GCC_WARN_UNUSED_FUNCTION = YES;
				GCC_WARN_UNUSED_VARIABLE = YES;
				IPHONEOS_DEPLOYMENT_TARGET = 17.0;
				LOCALIZATION_PREFERS_STRING_CATALOGS = YES;
				MTL_ENABLE_DEBUG_INFO = INCLUDE_SOURCE;
				MTL_FAST_MATH = YES;
				ONLY_ACTIVE_ARCH = YES;
				SDKROOT = iphoneos;
				SWIFT_ACTIVE_COMPILATION_CONDITIONS = "DEBUG $(inherited)";
				SWIFT_OPTIMIZATION_LEVEL = "-Onone";
			};
			name = Debug;
		};
		F96CB3742AEC5B0E00BF71A1 /* Release */ = {
			isa = XCBuildConfiguration;
			buildSettings = {
				ALWAYS_SEARCH_USER_PATHS = NO;
				ASSETCATALOG_COMPILER_GENERATE_SWIFT_ASSET_SYMBOL_EXTENSIONS = YES;
				CLANG_ANALYZER_NONNULL = YES;
				CLANG_ANALYZER_NUMBER_OBJECT_CONVERSION = YES_AGGRESSIVE;
				CLANG_CXX_LANGUAGE_STANDARD = "gnu++20";
				CLANG_ENABLE_MODULES = YES;
				CLANG_ENABLE_OBJC_ARC = YES;
				CLANG_ENABLE_OBJC_WEAK = YES;
				CLANG_WARN_BLOCK_CAPTURE_AUTORELEASING = YES;
				CLANG_WARN_BOOL_CONVERSION = YES;
				CLANG_WARN_COMMA = YES;
				CLANG_WARN_CONSTANT_CONVERSION = YES;
				CLANG_WARN_DEPRECATED_OBJC_IMPLEMENTATIONS = YES;
				CLANG_WARN_DIRECT_OBJC_ISA_USAGE = YES_ERROR;
				CLANG_WARN_DOCUMENTATION_COMMENTS = YES;
				CLANG_WARN_EMPTY_BODY = YES;
				CLANG_WARN_ENUM_CONVERSION = YES;
				CLANG_WARN_INFINITE_RECURSION = YES;
				CLANG_WARN_INT_CONVERSION = YES;
				CLANG_WARN_NON_LITERAL_NULL_CONVERSION = YES;
				CLANG_WARN_OBJC_IMPLICIT_RETAIN_SELF = YES;
				CLANG_WARN_OBJC_LITERAL_CONVERSION = YES;
				CLANG_WARN_OBJC_ROOT_CLASS = YES_ERROR;
				CLANG_WARN_QUOTED_INCLUDE_IN_FRAMEWORK_HEADER = YES;
				CLANG_WARN_RANGE_LOOP_ANALYSIS = YES;
				CLANG_WARN_STRICT_PROTOTYPES = YES;
				CLANG_WARN_SUSPICIOUS_MOVE = YES;
				CLANG_WARN_UNGUARDED_AVAILABILITY = YES_AGGRESSIVE;
				CLANG_WARN_UNREACHABLE_CODE = YES;
				CLANG_WARN__DUPLICATE_METHOD_MATCH = YES;
				COPY_PHASE_STRIP = NO;
				DEBUG_INFORMATION_FORMAT = "dwarf-with-dsym";
				ENABLE_NS_ASSERTIONS = NO;
				ENABLE_STRICT_OBJC_MSGSEND = YES;
				ENABLE_USER_SCRIPT_SANDBOXING = YES;
				GCC_C_LANGUAGE_STANDARD = gnu17;
				GCC_NO_COMMON_BLOCKS = YES;
				GCC_WARN_64_TO_32_BIT_CONVERSION = YES;
				GCC_WARN_ABOUT_RETURN_TYPE = YES_ERROR;
				GCC_WARN_UNDECLARED_SELECTOR = YES;
				GCC_WARN_UNINITIALIZED_AUTOS = YES_AGGRESSIVE;
				GCC_WARN_UNUSED_FUNCTION = YES;
				GCC_WARN_UNUSED_VARIABLE = YES;
				IPHONEOS_DEPLOYMENT_TARGET = 17.0;
				LOCALIZATION_PREFERS_STRING_CATALOGS = YES;
				MTL_ENABLE_DEBUG_INFO = NO;
				MTL_FAST_MATH = YES;
				SDKROOT = iphoneos;
				SWIFT_COMPILATION_MODE = wholemodule;
				VALIDATE_PRODUCT = YES;
			};
			name = Release;
		};
		F96CB3762AEC5B0E00BF71A1 /* Debug */ = {
			isa = XCBuildConfiguration;
			buildSettings = {
				ASSETCATALOG_COMPILER_APPICON_NAME = AppIcon;
				ASSETCATALOG_COMPILER_GLOBAL_ACCENT_COLOR_NAME = AccentColor;
				CODE_SIGN_STYLE = Automatic;
				CURRENT_PROJECT_VERSION = 1;
				DEVELOPMENT_ASSET_PATHS = "\"ButtonAnimation/Preview Content\"";
				ENABLE_PREVIEWS = YES;
				GENERATE_INFOPLIST_FILE = YES;
				INFOPLIST_KEY_UIApplicationSceneManifest_Generation = YES;
				INFOPLIST_KEY_UIApplicationSupportsIndirectInputEvents = YES;
				INFOPLIST_KEY_UILaunchScreen_Generation = YES;
				INFOPLIST_KEY_UISupportedInterfaceOrientations_iPad = "UIInterfaceOrientationPortrait UIInterfaceOrientationPortraitUpsideDown UIInterfaceOrientationLandscapeLeft UIInterfaceOrientationLandscapeRight";
				INFOPLIST_KEY_UISupportedInterfaceOrientations_iPhone = "UIInterfaceOrientationPortrait UIInterfaceOrientationLandscapeLeft UIInterfaceOrientationLandscapeRight";
				LD_RUNPATH_SEARCH_PATHS = (
					"$(inherited)",
					"@executable_path/Frameworks",
				);
				MARKETING_VERSION = 1.0;
				PRODUCT_BUNDLE_IDENTIFIER = com.cubix.tryouts.ButtonAnimation;
				PRODUCT_NAME = "$(TARGET_NAME)";
				SWIFT_EMIT_LOC_STRINGS = YES;
				SWIFT_VERSION = 5.0;
				TARGETED_DEVICE_FAMILY = "1,2";
			};
			name = Debug;
		};
		F96CB3772AEC5B0E00BF71A1 /* Release */ = {
			isa = XCBuildConfiguration;
			buildSettings = {
				ASSETCATALOG_COMPILER_APPICON_NAME = AppIcon;
				ASSETCATALOG_COMPILER_GLOBAL_ACCENT_COLOR_NAME = AccentColor;
				CODE_SIGN_STYLE = Automatic;
				CURRENT_PROJECT_VERSION = 1;
				DEVELOPMENT_ASSET_PATHS = "\"ButtonAnimation/Preview Content\"";
				ENABLE_PREVIEWS = YES;
				GENERATE_INFOPLIST_FILE = YES;
				INFOPLIST_KEY_UIApplicationSceneManifest_Generation = YES;
				INFOPLIST_KEY_UIApplicationSupportsIndirectInputEvents = YES;
				INFOPLIST_KEY_UILaunchScreen_Generation = YES;
				INFOPLIST_KEY_UISupportedInterfaceOrientations_iPad = "UIInterfaceOrientationPortrait UIInterfaceOrientationPortraitUpsideDown UIInterfaceOrientationLandscapeLeft UIInterfaceOrientationLandscapeRight";
				INFOPLIST_KEY_UISupportedInterfaceOrientations_iPhone = "UIInterfaceOrientationPortrait UIInterfaceOrientationLandscapeLeft UIInterfaceOrientationLandscapeRight";
				LD_RUNPATH_SEARCH_PATHS = (
					"$(inherited)",
					"@executable_path/Frameworks",
				);
				MARKETING_VERSION = 1.0;
				PRODUCT_BUNDLE_IDENTIFIER = com.cubix.tryouts.ButtonAnimation;
				PRODUCT_NAME = "$(TARGET_NAME)";
				SWIFT_EMIT_LOC_STRINGS = YES;
				SWIFT_VERSION = 5.0;
				TARGETED_DEVICE_FAMILY = "1,2";
			};
			name = Release;
		};
		F96CB3792AEC5B0E00BF71A1 /* Debug */ = {
			isa = XCBuildConfiguration;
			buildSettings = {
				ALWAYS_EMBED_SWIFT_STANDARD_LIBRARIES = YES;
				BUNDLE_LOADER = "$(TEST_HOST)";
				CODE_SIGN_STYLE = Automatic;
				CURRENT_PROJECT_VERSION = 1;
				GENERATE_INFOPLIST_FILE = YES;
				IPHONEOS_DEPLOYMENT_TARGET = 17.0;
				MARKETING_VERSION = 1.0;
				PRODUCT_BUNDLE_IDENTIFIER = com.cubix.tryouts.ButtonAnimationTests;
				PRODUCT_NAME = "$(TARGET_NAME)";
				SWIFT_EMIT_LOC_STRINGS = NO;
				SWIFT_VERSION = 5.0;
				TARGETED_DEVICE_FAMILY = "1,2";
				TEST_HOST = "$(BUILT_PRODUCTS_DIR)/ButtonAnimation.app/$(BUNDLE_EXECUTABLE_FOLDER_PATH)/ButtonAnimation";
			};
			name = Debug;
		};
		F96CB37A2AEC5B0E00BF71A1 /* Release */ = {
			isa = XCBuildConfiguration;
			buildSettings = {
				ALWAYS_EMBED_SWIFT_STANDARD_LIBRARIES = YES;
				BUNDLE_LOADER = "$(TEST_HOST)";
				CODE_SIGN_STYLE = Automatic;
				CURRENT_PROJECT_VERSION = 1;
				GENERATE_INFOPLIST_FILE = YES;
				IPHONEOS_DEPLOYMENT_TARGET = 17.0;
				MARKETING_VERSION = 1.0;
				PRODUCT_BUNDLE_IDENTIFIER = com.cubix.tryouts.ButtonAnimationTests;
				PRODUCT_NAME = "$(TARGET_NAME)";
				SWIFT_EMIT_LOC_STRINGS = NO;
				SWIFT_VERSION = 5.0;
				TARGETED_DEVICE_FAMILY = "1,2";
				TEST_HOST = "$(BUILT_PRODUCTS_DIR)/ButtonAnimation.app/$(BUNDLE_EXECUTABLE_FOLDER_PATH)/ButtonAnimation";
			};
			name = Release;
		};
		F96CB37C2AEC5B0E00BF71A1 /* Debug */ = {
			isa = XCBuildConfiguration;
			buildSettings = {
				ALWAYS_EMBED_SWIFT_STANDARD_LIBRARIES = YES;
				CODE_SIGN_STYLE = Automatic;
				CURRENT_PROJECT_VERSION = 1;
				GENERATE_INFOPLIST_FILE = YES;
				MARKETING_VERSION = 1.0;
				PRODUCT_BUNDLE_IDENTIFIER = com.cubix.tryouts.ButtonAnimationUITests;
				PRODUCT_NAME = "$(TARGET_NAME)";
				SWIFT_EMIT_LOC_STRINGS = NO;
				SWIFT_VERSION = 5.0;
				TARGETED_DEVICE_FAMILY = "1,2";
				TEST_TARGET_NAME = ButtonAnimation;
			};
			name = Debug;
		};
		F96CB37D2AEC5B0E00BF71A1 /* Release */ = {
			isa = XCBuildConfiguration;
			buildSettings = {
				ALWAYS_EMBED_SWIFT_STANDARD_LIBRARIES = YES;
				CODE_SIGN_STYLE = Automatic;
				CURRENT_PROJECT_VERSION = 1;
				GENERATE_INFOPLIST_FILE = YES;
				MARKETING_VERSION = 1.0;
				PRODUCT_BUNDLE_IDENTIFIER = com.cubix.tryouts.ButtonAnimationUITests;
				PRODUCT_NAME = "$(TARGET_NAME)";
				SWIFT_EMIT_LOC_STRINGS = NO;
				SWIFT_VERSION = 5.0;
				TARGETED_DEVICE_FAMILY = "1,2";
				TEST_TARGET_NAME = ButtonAnimation;
			};
			name = Release;
		};
/* End XCBuildConfiguration section */

/* Begin XCConfigurationList section */
		F96CB34C2AEC5B0B00BF71A1 /* Build configuration list for PBXProject "ButtonAnimation" */ = {
			isa = XCConfigurationList;
			buildConfigurations = (
				F96CB3732AEC5B0E00BF71A1 /* Debug */,
				F96CB3742AEC5B0E00BF71A1 /* Release */,
			);
			defaultConfigurationIsVisible = 0;
			defaultConfigurationName = Release;
		};
		F96CB3752AEC5B0E00BF71A1 /* Build configuration list for PBXNativeTarget "ButtonAnimation" */ = {
			isa = XCConfigurationList;
			buildConfigurations = (
				F96CB3762AEC5B0E00BF71A1 /* Debug */,
				F96CB3772AEC5B0E00BF71A1 /* Release */,
			);
			defaultConfigurationIsVisible = 0;
			defaultConfigurationName = Release;
		};
		F96CB3782AEC5B0E00BF71A1 /* Build configuration list for PBXNativeTarget "ButtonAnimationTests" */ = {
			isa = XCConfigurationList;
			buildConfigurations = (
				F96CB3792AEC5B0E00BF71A1 /* Debug */,
				F96CB37A2AEC5B0E00BF71A1 /* Release */,
			);
			defaultConfigurationIsVisible = 0;
			defaultConfigurationName = Release;
		};
		F96CB37B2AEC5B0E00BF71A1 /* Build configuration list for PBXNativeTarget "ButtonAnimationUITests" */ = {
			isa = XCConfigurationList;
			buildConfigurations = (
				F96CB37C2AEC5B0E00BF71A1 /* Debug */,
				F96CB37D2AEC5B0E00BF71A1 /* Release */,
			);
			defaultConfigurationIsVisible = 0;
			defaultConfigurationName = Release;
		};
/* End XCConfigurationList section */
	};
	rootObject = F96CB3492AEC5B0B00BF71A1 /* Project object */;
}
